
Microsoft Visual Studio Solution File, Format Version 12.00
# Visual Studio Version 17
VisualStudioVersion = 17.8.34330.188
MinimumVisualStudioVersion = 10.0.40219.1
Project("{FAE04EC0-301F-11D3-BF4B-00C04F79EFBC}") = "WTF", "WTF\WTF.csproj", "{639F927C-AED2-4E5A-B7ED-55C380E86469}"
EndProject
Project("{2150E333-8FDC-42A3-9474-1A3956D46DE8}") = "Solution Items", "Solution Items", "{75097187-1403-4A2E-9D42-D8BC9E4B7110}"
EndProject
Global
	GlobalSection(SolutionConfigurationPlatforms) = preSolution
		Debug|Any CPU = Debug|Any CPU
		Release|Any CPU = Release|Any CPU
	EndGlobalSection
	GlobalSection(ProjectConfigurationPlatforms) = postSolution
		{639F927C-AED2-4E5A-B7ED-55C380E86469}.Debug|Any CPU.ActiveCfg = Debug|Any CPU
		{639F927C-AED2-4E5A-B7ED-55C380E86469}.Debug|Any CPU.Build.0 = Debug|Any CPU
		{639F927C-AED2-4E5A-B7ED-55C380E86469}.Release|Any CPU.ActiveCfg = Release|Any CPU
		{639F927C-AED2-4E5A-B7ED-55C380E86469}.Release|Any CPU.Build.0 = Release|Any CPU
	EndGlobalSection
	GlobalSection(SolutionProperties) = preSolution
		HideSolutionNode = FALSE
	EndGlobalSection
	GlobalSection(ExtensibilityGlobals) = postSolution
		SolutionGuid = {46F403C6-09B7-458C-B4A8-050BCB921368}
	EndGlobalSection
EndGlobal
